
Microsoft Visual Studio Solution File, Format Version 12.00
# Visual Studio Version 17
VisualStudioVersion = 17.11.35222.181
MinimumVisualStudioVersion = 10.0.40219.1
Project("{FAE04EC0-301F-11D3-BF4B-00C04F79EFBC}") = "WebApplication1", "WebApplication1\WebApplication1.csproj", "{512DA659-07AD-43E4-B2CE-B1577E46A902}"
EndProject
Global
	GlobalSection(SolutionConfigurationPlatforms) = preSolution
		Debug|Any CPU = Debug|Any CPU
		Release|Any CPU = Release|Any CPU
	EndGlobalSection
	GlobalSection(ProjectConfigurationPlatforms) = postSolution
		{512DA659-07AD-43E4-B2CE-B1577E46A902}.Debug|Any CPU.ActiveCfg = Debug|Any CPU
		{512DA659-07AD-43E4-B2CE-B1577E46A902}.Debug|Any CPU.Build.0 = Debug|Any CPU
		{512DA659-07AD-43E4-B2CE-B1577E46A902}.Release|Any CPU.ActiveCfg = Release|Any CPU
		{512DA659-07AD-43E4-B2CE-B1577E46A902}.Release|Any CPU.Build.0 = Release|Any CPU
	EndGlobalSection
	GlobalSection(SolutionProperties) = preSolution
		HideSolutionNode = FALSE
	EndGlobalSection
	GlobalSection(ExtensibilityGlobals) = postSolution
		SolutionGuid = {52D03D38-4E2C-4A00-B731-8B42F710056D}
	EndGlobalSection
EndGlobal
